
Microsoft Visual Studio Solution File, Format Version 12.00
# Visual Studio 15
VisualStudioVersion = 15.0.26124.0
MinimumVisualStudioVersion = 15.0.26124.0
Project("{FAE04EC0-301F-11D3-BF4B-00C04F79EFBC}") = "Feedback.Api", "Feedback.Api\Feedback.Api.csproj", "{E3838550-4CFA-4C01-9335-2ADC921F2756}"
EndProject
Project("{FAE04EC0-301F-11D3-BF4B-00C04F79EFBC}") = "Feedback.Application", "Feedback.Application\Feedback.Application.csproj", "{14C63006-9E39-4504-8FAA-D53A4353C0ED}"
EndProject
Project("{FAE04EC0-301F-11D3-BF4B-00C04F79EFBC}") = "Feedback.Contracts", "Feedback.Contracts\Feedback.Contracts.csproj", "{9B12C13D-882C-43DB-B763-1AB01C11BE58}"
EndProject
Project("{FAE04EC0-301F-11D3-BF4B-00C04F79EFBC}") = "Feedback.Domain", "Feedback.Domain\Feedback.Domain.csproj", "{52357E43-A71F-4181-875D-75D6DA7E4826}"
EndProject
Project("{FAE04EC0-301F-11D3-BF4B-00C04F79EFBC}") = "Feedback.Infrastructure", "Feedback.Infrastructure\Feedback.Infrastructure.csproj", "{A790652B-60A3-47EB-AF98-E4050029A5E2}"
EndProject
Global
	GlobalSection(SolutionConfigurationPlatforms) = preSolution
		Debug|Any CPU = Debug|Any CPU
		Debug|x64 = Debug|x64
		Debug|x86 = Debug|x86
		Release|Any CPU = Release|Any CPU
		Release|x64 = Release|x64
		Release|x86 = Release|x86
	EndGlobalSection
	GlobalSection(SolutionProperties) = preSolution
		HideSolutionNode = FALSE
	EndGlobalSection
	GlobalSection(ProjectConfigurationPlatforms) = postSolution
		{E3838550-4CFA-4C01-9335-2ADC921F2756}.Debug|Any CPU.ActiveCfg = Debug|Any CPU
		{E3838550-4CFA-4C01-9335-2ADC921F2756}.Debug|Any CPU.Build.0 = Debug|Any CPU
		{E3838550-4CFA-4C01-9335-2ADC921F2756}.Debug|x64.ActiveCfg = Debug|Any CPU
		{E3838550-4CFA-4C01-9335-2ADC921F2756}.Debug|x64.Build.0 = Debug|Any CPU
		{E3838550-4CFA-4C01-9335-2ADC921F2756}.Debug|x86.ActiveCfg = Debug|Any CPU
		{E3838550-4CFA-4C01-9335-2ADC921F2756}.Debug|x86.Build.0 = Debug|Any CPU
		{E3838550-4CFA-4C01-9335-2ADC921F2756}.Release|Any CPU.ActiveCfg = Release|Any CPU
		{E3838550-4CFA-4C01-9335-2ADC921F2756}.Release|Any CPU.Build.0 = Release|Any CPU
		{E3838550-4CFA-4C01-9335-2ADC921F2756}.Release|x64.ActiveCfg = Release|Any CPU
		{E3838550-4CFA-4C01-9335-2ADC921F2756}.Release|x64.Build.0 = Release|Any CPU
		{E3838550-4CFA-4C01-9335-2ADC921F2756}.Release|x86.ActiveCfg = Release|Any CPU
		{E3838550-4CFA-4C01-9335-2ADC921F2756}.Release|x86.Build.0 = Release|Any CPU
		{14C63006-9E39-4504-8FAA-D53A4353C0ED}.Debug|Any CPU.ActiveCfg = Debug|Any CPU
		{14C63006-9E39-4504-8FAA-D53A4353C0ED}.Debug|Any CPU.Build.0 = Debug|Any CPU
		{14C63006-9E39-4504-8FAA-D53A4353C0ED}.Debug|x64.ActiveCfg = Debug|Any CPU
		{14C63006-9E39-4504-8FAA-D53A4353C0ED}.Debug|x64.Build.0 = Debug|Any CPU
		{14C63006-9E39-4504-8FAA-D53A4353C0ED}.Debug|x86.ActiveCfg = Debug|Any CPU
		{14C63006-9E39-4504-8FAA-D53A4353C0ED}.Debug|x86.Build.0 = Debug|Any CPU
		{14C63006-9E39-4504-8FAA-D53A4353C0ED}.Release|Any CPU.ActiveCfg = Release|Any CPU
		{14C63006-9E39-4504-8FAA-D53A4353C0ED}.Release|Any CPU.Build.0 = Release|Any CPU
		{14C63006-9E39-4504-8FAA-D53A4353C0ED}.Release|x64.ActiveCfg = Release|Any CPU
		{14C63006-9E39-4504-8FAA-D53A4353C0ED}.Release|x64.Build.0 = Release|Any CPU
		{14C63006-9E39-4504-8FAA-D53A4353C0ED}.Release|x86.ActiveCfg = Release|Any CPU
		{14C63006-9E39-4504-8FAA-D53A4353C0ED}.Release|x86.Build.0 = Release|Any CPU
		{9B12C13D-882C-43DB-B763-1AB01C11BE58}.Debug|Any CPU.ActiveCfg = Debug|Any CPU
		{9B12C13D-882C-43DB-B763-1AB01C11BE58}.Debug|Any CPU.Build.0 = Debug|Any CPU
		{9B12C13D-882C-43DB-B763-1AB01C11BE58}.Debug|x64.ActiveCfg = Debug|Any CPU
		{9B12C13D-882C-43DB-B763-1AB01C11BE58}.Debug|x64.Build.0 = Debug|Any CPU
		{9B12C13D-882C-43DB-B763-1AB01C11BE58}.Debug|x86.ActiveCfg = Debug|Any CPU
		{9B12C13D-882C-43DB-B763-1AB01C11BE58}.Debug|x86.Build.0 = Debug|Any CPU
		{9B12C13D-882C-43DB-B763-1AB01C11BE58}.Release|Any CPU.ActiveCfg = Release|Any CPU
		{9B12C13D-882C-43DB-B763-1AB01C11BE58}.Release|Any CPU.Build.0 = Release|Any CPU
		{9B12C13D-882C-43DB-B763-1AB01C11BE58}.Release|x64.ActiveCfg = Release|Any CPU
		{9B12C13D-882C-43DB-B763-1AB01C11BE58}.Release|x64.Build.0 = Release|Any CPU
		{9B12C13D-882C-43DB-B763-1AB01C11BE58}.Release|x86.ActiveCfg = Release|Any CPU
		{9B12C13D-882C-43DB-B763-1AB01C11BE58}.Release|x86.Build.0 = Release|Any CPU
		{52357E43-A71F-4181-875D-75D6DA7E4826}.Debug|Any CPU.ActiveCfg = Debug|Any CPU
		{52357E43-A71F-4181-875D-75D6DA7E4826}.Debug|Any CPU.Build.0 = Debug|Any CPU
		{52357E43-A71F-4181-875D-75D6DA7E4826}.Debug|x64.ActiveCfg = Debug|Any CPU
		{52357E43-A71F-4181-875D-75D6DA7E4826}.Debug|x64.Build.0 = Debug|Any CPU
		{52357E43-A71F-4181-875D-75D6DA7E4826}.Debug|x86.ActiveCfg = Debug|Any CPU
		{52357E43-A71F-4181-875D-75D6DA7E4826}.Debug|x86.Build.0 = Debug|Any CPU
		{52357E43-A71F-4181-875D-75D6DA7E4826}.Release|Any CPU.ActiveCfg = Release|Any CPU
		{52357E43-A71F-4181-875D-75D6DA7E4826}.Release|Any CPU.Build.0 = Release|Any CPU
		{52357E43-A71F-4181-875D-75D6DA7E4826}.Release|x64.ActiveCfg = Release|Any CPU
		{52357E43-A71F-4181-875D-75D6DA7E4826}.Release|x64.Build.0 = Release|Any CPU
		{52357E43-A71F-4181-875D-75D6DA7E4826}.Release|x86.ActiveCfg = Release|Any CPU
		{52357E43-A71F-4181-875D-75D6DA7E4826}.Release|x86.Build.0 = Release|Any CPU
		{A790652B-60A3-47EB-AF98-E4050029A5E2}.Debug|Any CPU.ActiveCfg = Debug|Any CPU
		{A790652B-60A3-47EB-AF98-E4050029A5E2}.Debug|Any CPU.Build.0 = Debug|Any CPU
		{A790652B-60A3-47EB-AF98-E4050029A5E2}.Debug|x64.ActiveCfg = Debug|Any CPU
		{A790652B-60A3-47EB-AF98-E4050029A5E2}.Debug|x64.Build.0 = Debug|Any CPU
		{A790652B-60A3-47EB-AF98-E4050029A5E2}.Debug|x86.ActiveCfg = Debug|Any CPU
		{A790652B-60A3-47EB-AF98-E4050029A5E2}.Debug|x86.Build.0 = Debug|Any CPU
		{A790652B-60A3-47EB-AF98-E4050029A5E2}.Release|Any CPU.ActiveCfg = Release|Any CPU
		{A790652B-60A3-47EB-AF98-E4050029A5E2}.Release|Any CPU.Build.0 = Release|Any CPU
		{A790652B-60A3-47EB-AF98-E4050029A5E2}.Release|x64.ActiveCfg = Release|Any CPU
		{A790652B-60A3-47EB-AF98-E4050029A5E2}.Release|x64.Build.0 = Release|Any CPU
		{A790652B-60A3-47EB-AF98-E4050029A5E2}.Release|x86.ActiveCfg = Release|Any CPU
		{A790652B-60A3-47EB-AF98-E4050029A5E2}.Release|x86.Build.0 = Release|Any CPU
	EndGlobalSection
EndGlobal
